
Microsoft Visual Studio Solution File, Format Version 12.00
# Visual Studio 14
VisualStudioVersion = 14.0.25420.1
MinimumVisualStudioVersion = 10.0.40219.1
Project("{2150E333-8FDC-42A3-9474-1A3956D46DE8}") = "Shared", "Shared", "{8C35EB66-036B-47DD-91B7-B5321672E21E}"
EndProject
Project("{2150E333-8FDC-42A3-9474-1A3956D46DE8}") = "RaspberryPi", "RaspberryPi", "{1999C03E-FDFD-4258-9208-9FCAF6FC5E77}"
EndProject
Project("{2150E333-8FDC-42A3-9474-1A3956D46DE8}") = "Client", "Client", "{879304DF-9850-47D6-9978-50EBD36B7A15}"
EndProject
Project("{FAE04EC0-301F-11D3-BF4B-00C04F79EFBC}") = "RemoteTV.App", "RemoteTV.App\RemoteTV.App\RemoteTV.App.csproj", "{1FF04865-9F38-42F4-B056-D893DDEC8D6D}"
EndProject
Project("{FAE04EC0-301F-11D3-BF4B-00C04F79EFBC}") = "RemoteTV.App.Droid", "RemoteTV.App\RemoteTV.App.Droid\RemoteTV.App.Droid.csproj", "{F80AF30B-CF96-4EB5-82DD-52E12AC3595B}"
EndProject
Project("{FAE04EC0-301F-11D3-BF4B-00C04F79EFBC}") = "RemoteTV.App.iOS", "RemoteTV.App\RemoteTV.App.iOS\RemoteTV.App.iOS.csproj", "{97A5B339-924B-4518-B459-A200146F7028}"
EndProject
Project("{FAE04EC0-301F-11D3-BF4B-00C04F79EFBC}") = "RemoteTV.App.WinPhone", "RemoteTV.App\RemoteTV.App.WinPhone\RemoteTV.App.WinPhone.csproj", "{DD123D3B-B728-4B7D-8AF6-90D6C00FA5E7}"
EndProject
Project("{FAE04EC0-301F-11D3-BF4B-00C04F79EFBC}") = "RemoteTV.App.UWP", "RemoteTV.App\RemoteTV.App.UWP\RemoteTV.App.UWP.csproj", "{7AC8F07B-54A1-4C60-ABC0-AC7897CDC5A8}"
EndProject
Project("{FAE04EC0-301F-11D3-BF4B-00C04F79EFBC}") = "RemoteTV.App.Windows", "RemoteTV.App\RemoteTV.App.Windows\RemoteTV.App.Windows.csproj", "{E9860B02-7AB2-464F-B69F-7559166E0396}"
EndProject
Project("{FAE04EC0-301F-11D3-BF4B-00C04F79EFBC}") = "RemoteTV.APIClient", "RemoteTV.APIClient\RemoteTV.APIClient.csproj", "{67F9D3A8-F71E-4428-913F-C37AE82CDB24}"
EndProject
Project("{FAE04EC0-301F-11D3-BF4B-00C04F79EFBC}") = "RemoteTV.IoT", "RemoteTV.IoT\RemoteTV.IoT.csproj", "{74CFAD98-7853-48CB-B5D8-C3166709C877}"
EndProject
Global
	GlobalSection(SolutionConfigurationPlatforms) = preSolution
		Ad-Hoc|Any CPU = Ad-Hoc|Any CPU
		Ad-Hoc|ARM = Ad-Hoc|ARM
		Ad-Hoc|iPhone = Ad-Hoc|iPhone
		Ad-Hoc|iPhoneSimulator = Ad-Hoc|iPhoneSimulator
		Ad-Hoc|x64 = Ad-Hoc|x64
		Ad-Hoc|x86 = Ad-Hoc|x86
		AppStore|Any CPU = AppStore|Any CPU
		AppStore|ARM = AppStore|ARM
		AppStore|iPhone = AppStore|iPhone
		AppStore|iPhoneSimulator = AppStore|iPhoneSimulator
		AppStore|x64 = AppStore|x64
		AppStore|x86 = AppStore|x86
		Debug|Any CPU = Debug|Any CPU
		Debug|ARM = Debug|ARM
		Debug|iPhone = Debug|iPhone
		Debug|iPhoneSimulator = Debug|iPhoneSimulator
		Debug|x64 = Debug|x64
		Debug|x86 = Debug|x86
		Release|Any CPU = Release|Any CPU
		Release|ARM = Release|ARM
		Release|iPhone = Release|iPhone
		Release|iPhoneSimulator = Release|iPhoneSimulator
		Release|x64 = Release|x64
		Release|x86 = Release|x86
	EndGlobalSection
	GlobalSection(ProjectConfigurationPlatforms) = postSolution
		{1FF04865-9F38-42F4-B056-D893DDEC8D6D}.Ad-Hoc|Any CPU.ActiveCfg = Release|Any CPU
		{1FF04865-9F38-42F4-B056-D893DDEC8D6D}.Ad-Hoc|Any CPU.Build.0 = Release|Any CPU
		{1FF04865-9F38-42F4-B056-D893DDEC8D6D}.Ad-Hoc|ARM.ActiveCfg = Release|Any CPU
		{1FF04865-9F38-42F4-B056-D893DDEC8D6D}.Ad-Hoc|ARM.Build.0 = Release|Any CPU
		{1FF04865-9F38-42F4-B056-D893DDEC8D6D}.Ad-Hoc|iPhone.ActiveCfg = Release|Any CPU
		{1FF04865-9F38-42F4-B056-D893DDEC8D6D}.Ad-Hoc|iPhone.Build.0 = Release|Any CPU
		{1FF04865-9F38-42F4-B056-D893DDEC8D6D}.Ad-Hoc|iPhoneSimulator.ActiveCfg = Release|Any CPU
		{1FF04865-9F38-42F4-B056-D893DDEC8D6D}.Ad-Hoc|iPhoneSimulator.Build.0 = Release|Any CPU
		{1FF04865-9F38-42F4-B056-D893DDEC8D6D}.Ad-Hoc|x64.ActiveCfg = Release|Any CPU
		{1FF04865-9F38-42F4-B056-D893DDEC8D6D}.Ad-Hoc|x64.Build.0 = Release|Any CPU
		{1FF04865-9F38-42F4-B056-D893DDEC8D6D}.Ad-Hoc|x86.ActiveCfg = Release|Any CPU
		{1FF04865-9F38-42F4-B056-D893DDEC8D6D}.Ad-Hoc|x86.Build.0 = Release|Any CPU
		{1FF04865-9F38-42F4-B056-D893DDEC8D6D}.AppStore|Any CPU.ActiveCfg = Release|Any CPU
		{1FF04865-9F38-42F4-B056-D893DDEC8D6D}.AppStore|Any CPU.Build.0 = Release|Any CPU
		{1FF04865-9F38-42F4-B056-D893DDEC8D6D}.AppStore|ARM.ActiveCfg = Release|Any CPU
		{1FF04865-9F38-42F4-B056-D893DDEC8D6D}.AppStore|ARM.Build.0 = Release|Any CPU
		{1FF04865-9F38-42F4-B056-D893DDEC8D6D}.AppStore|iPhone.ActiveCfg = Release|Any CPU
		{1FF04865-9F38-42F4-B056-D893DDEC8D6D}.AppStore|iPhone.Build.0 = Release|Any CPU
		{1FF04865-9F38-42F4-B056-D893DDEC8D6D}.AppStore|iPhoneSimulator.ActiveCfg = Release|Any CPU
		{1FF04865-9F38-42F4-B056-D893DDEC8D6D}.AppStore|iPhoneSimulator.Build.0 = Release|Any CPU
		{1FF04865-9F38-42F4-B056-D893DDEC8D6D}.AppStore|x64.ActiveCfg = Release|Any CPU
		{1FF04865-9F38-42F4-B056-D893DDEC8D6D}.AppStore|x64.Build.0 = Release|Any CPU
		{1FF04865-9F38-42F4-B056-D893DDEC8D6D}.AppStore|x86.ActiveCfg = Release|Any CPU
		{1FF04865-9F38-42F4-B056-D893DDEC8D6D}.AppStore|x86.Build.0 = Release|Any CPU
		{1FF04865-9F38-42F4-B056-D893DDEC8D6D}.Debug|Any CPU.ActiveCfg = Debug|Any CPU
		{1FF04865-9F38-42F4-B056-D893DDEC8D6D}.Debug|Any CPU.Build.0 = Debug|Any CPU
		{1FF04865-9F38-42F4-B056-D893DDEC8D6D}.Debug|ARM.ActiveCfg = Debug|Any CPU
		{1FF04865-9F38-42F4-B056-D893DDEC8D6D}.Debug|ARM.Build.0 = Debug|Any CPU
		{1FF04865-9F38-42F4-B056-D893DDEC8D6D}.Debug|iPhone.ActiveCfg = Debug|Any CPU
		{1FF04865-9F38-42F4-B056-D893DDEC8D6D}.Debug|iPhone.Build.0 = Debug|Any CPU
		{1FF04865-9F38-42F4-B056-D893DDEC8D6D}.Debug|iPhoneSimulator.ActiveCfg = Debug|Any CPU
		{1FF04865-9F38-42F4-B056-D893DDEC8D6D}.Debug|iPhoneSimulator.Build.0 = Debug|Any CPU
		{1FF04865-9F38-42F4-B056-D893DDEC8D6D}.Debug|x64.ActiveCfg = Debug|Any CPU
		{1FF04865-9F38-42F4-B056-D893DDEC8D6D}.Debug|x64.Build.0 = Debug|Any CPU
		{1FF04865-9F38-42F4-B056-D893DDEC8D6D}.Debug|x86.ActiveCfg = Debug|Any CPU
		{1FF04865-9F38-42F4-B056-D893DDEC8D6D}.Debug|x86.Build.0 = Debug|Any CPU
		{1FF04865-9F38-42F4-B056-D893DDEC8D6D}.Release|Any CPU.ActiveCfg = Release|Any CPU
		{1FF04865-9F38-42F4-B056-D893DDEC8D6D}.Release|Any CPU.Build.0 = Release|Any CPU
		{1FF04865-9F38-42F4-B056-D893DDEC8D6D}.Release|ARM.ActiveCfg = Release|Any CPU
		{1FF04865-9F38-42F4-B056-D893DDEC8D6D}.Release|ARM.Build.0 = Release|Any CPU
		{1FF04865-9F38-42F4-B056-D893DDEC8D6D}.Release|iPhone.ActiveCfg = Release|Any CPU
		{1FF04865-9F38-42F4-B056-D893DDEC8D6D}.Release|iPhone.Build.0 = Release|Any CPU
		{1FF04865-9F38-42F4-B056-D893DDEC8D6D}.Release|iPhoneSimulator.ActiveCfg = Release|Any CPU
		{1FF04865-9F38-42F4-B056-D893DDEC8D6D}.Release|iPhoneSimulator.Build.0 = Release|Any CPU
		{1FF04865-9F38-42F4-B056-D893DDEC8D6D}.Release|x64.ActiveCfg = Release|Any CPU
		{1FF04865-9F38-42F4-B056-D893DDEC8D6D}.Release|x64.Build.0 = Release|Any CPU
		{1FF04865-9F38-42F4-B056-D893DDEC8D6D}.Release|x86.ActiveCfg = Release|Any CPU
		{1FF04865-9F38-42F4-B056-D893DDEC8D6D}.Release|x86.Build.0 = Release|Any CPU
		{F80AF30B-CF96-4EB5-82DD-52E12AC3595B}.Ad-Hoc|Any CPU.ActiveCfg = Release|Any CPU
		{F80AF30B-CF96-4EB5-82DD-52E12AC3595B}.Ad-Hoc|Any CPU.Build.0 = Release|Any CPU
		{F80AF30B-CF96-4EB5-82DD-52E12AC3595B}.Ad-Hoc|Any CPU.Deploy.0 = Release|Any CPU
		{F80AF30B-CF96-4EB5-82DD-52E12AC3595B}.Ad-Hoc|ARM.ActiveCfg = Release|Any CPU
		{F80AF30B-CF96-4EB5-82DD-52E12AC3595B}.Ad-Hoc|ARM.Build.0 = Release|Any CPU
		{F80AF30B-CF96-4EB5-82DD-52E12AC3595B}.Ad-Hoc|ARM.Deploy.0 = Release|Any CPU
		{F80AF30B-CF96-4EB5-82DD-52E12AC3595B}.Ad-Hoc|iPhone.ActiveCfg = Release|Any CPU
		{F80AF30B-CF96-4EB5-82DD-52E12AC3595B}.Ad-Hoc|iPhone.Build.0 = Release|Any CPU
		{F80AF30B-CF96-4EB5-82DD-52E12AC3595B}.Ad-Hoc|iPhone.Deploy.0 = Release|Any CPU
		{F80AF30B-CF96-4EB5-82DD-52E12AC3595B}.Ad-Hoc|iPhoneSimulator.ActiveCfg = Release|Any CPU
		{F80AF30B-CF96-4EB5-82DD-52E12AC3595B}.Ad-Hoc|iPhoneSimulator.Build.0 = Release|Any CPU
		{F80AF30B-CF96-4EB5-82DD-52E12AC3595B}.Ad-Hoc|iPhoneSimulator.Deploy.0 = Release|Any CPU
		{F80AF30B-CF96-4EB5-82DD-52E12AC3595B}.Ad-Hoc|x64.ActiveCfg = Release|Any CPU
		{F80AF30B-CF96-4EB5-82DD-52E12AC3595B}.Ad-Hoc|x64.Build.0 = Release|Any CPU
		{F80AF30B-CF96-4EB5-82DD-52E12AC3595B}.Ad-Hoc|x64.Deploy.0 = Release|Any CPU
		{F80AF30B-CF96-4EB5-82DD-52E12AC3595B}.Ad-Hoc|x86.ActiveCfg = Release|Any CPU
		{F80AF30B-CF96-4EB5-82DD-52E12AC3595B}.Ad-Hoc|x86.Build.0 = Release|Any CPU
		{F80AF30B-CF96-4EB5-82DD-52E12AC3595B}.Ad-Hoc|x86.Deploy.0 = Release|Any CPU
		{F80AF30B-CF96-4EB5-82DD-52E12AC3595B}.AppStore|Any CPU.ActiveCfg = Release|Any CPU
		{F80AF30B-CF96-4EB5-82DD-52E12AC3595B}.AppStore|Any CPU.Build.0 = Release|Any CPU
		{F80AF30B-CF96-4EB5-82DD-52E12AC3595B}.AppStore|Any CPU.Deploy.0 = Release|Any CPU
		{F80AF30B-CF96-4EB5-82DD-52E12AC3595B}.AppStore|ARM.ActiveCfg = Release|Any CPU
		{F80AF30B-CF96-4EB5-82DD-52E12AC3595B}.AppStore|ARM.Build.0 = Release|Any CPU
		{F80AF30B-CF96-4EB5-82DD-52E12AC3595B}.AppStore|ARM.Deploy.0 = Release|Any CPU
		{F80AF30B-CF96-4EB5-82DD-52E12AC3595B}.AppStore|iPhone.ActiveCfg = Release|Any CPU
		{F80AF30B-CF96-4EB5-82DD-52E12AC3595B}.AppStore|iPhone.Build.0 = Release|Any CPU
		{F80AF30B-CF96-4EB5-82DD-52E12AC3595B}.AppStore|iPhone.Deploy.0 = Release|Any CPU
		{F80AF30B-CF96-4EB5-82DD-52E12AC3595B}.AppStore|iPhoneSimulator.ActiveCfg = Release|Any CPU
		{F80AF30B-CF96-4EB5-82DD-52E12AC3595B}.AppStore|iPhoneSimulator.Build.0 = Release|Any CPU
		{F80AF30B-CF96-4EB5-82DD-52E12AC3595B}.AppStore|iPhoneSimulator.Deploy.0 = Release|Any CPU
		{F80AF30B-CF96-4EB5-82DD-52E12AC3595B}.AppStore|x64.ActiveCfg = Release|Any CPU
		{F80AF30B-CF96-4EB5-82DD-52E12AC3595B}.AppStore|x64.Build.0 = Release|Any CPU
		{F80AF30B-CF96-4EB5-82DD-52E12AC3595B}.AppStore|x64.Deploy.0 = Release|Any CPU
		{F80AF30B-CF96-4EB5-82DD-52E12AC3595B}.AppStore|x86.ActiveCfg = Release|Any CPU
		{F80AF30B-CF96-4EB5-82DD-52E12AC3595B}.AppStore|x86.Build.0 = Release|Any CPU
		{F80AF30B-CF96-4EB5-82DD-52E12AC3595B}.AppStore|x86.Deploy.0 = Release|Any CPU
		{F80AF30B-CF96-4EB5-82DD-52E12AC3595B}.Debug|Any CPU.ActiveCfg = Debug|Any CPU
		{F80AF30B-CF96-4EB5-82DD-52E12AC3595B}.Debug|Any CPU.Build.0 = Debug|Any CPU
		{F80AF30B-CF96-4EB5-82DD-52E12AC3595B}.Debug|Any CPU.Deploy.0 = Debug|Any CPU
		{F80AF30B-CF96-4EB5-82DD-52E12AC3595B}.Debug|ARM.ActiveCfg = Debug|Any CPU
		{F80AF30B-CF96-4EB5-82DD-52E12AC3595B}.Debug|ARM.Build.0 = Debug|Any CPU
		{F80AF30B-CF96-4EB5-82DD-52E12AC3595B}.Debug|ARM.Deploy.0 = Debug|Any CPU
		{F80AF30B-CF96-4EB5-82DD-52E12AC3595B}.Debug|iPhone.ActiveCfg = Debug|Any CPU
		{F80AF30B-CF96-4EB5-82DD-52E12AC3595B}.Debug|iPhone.Build.0 = Debug|Any CPU
		{F80AF30B-CF96-4EB5-82DD-52E12AC3595B}.Debug|iPhone.Deploy.0 = Debug|Any CPU
		{F80AF30B-CF96-4EB5-82DD-52E12AC3595B}.Debug|iPhoneSimulator.ActiveCfg = Debug|Any CPU
		{F80AF30B-CF96-4EB5-82DD-52E12AC3595B}.Debug|iPhoneSimulator.Build.0 = Debug|Any CPU
		{F80AF30B-CF96-4EB5-82DD-52E12AC3595B}.Debug|iPhoneSimulator.Deploy.0 = Debug|Any CPU
		{F80AF30B-CF96-4EB5-82DD-52E12AC3595B}.Debug|x64.ActiveCfg = Debug|Any CPU
		{F80AF30B-CF96-4EB5-82DD-52E12AC3595B}.Debug|x64.Build.0 = Debug|Any CPU
		{F80AF30B-CF96-4EB5-82DD-52E12AC3595B}.Debug|x64.Deploy.0 = Debug|Any CPU
		{F80AF30B-CF96-4EB5-82DD-52E12AC3595B}.Debug|x86.ActiveCfg = Debug|Any CPU
		{F80AF30B-CF96-4EB5-82DD-52E12AC3595B}.Debug|x86.Build.0 = Debug|Any CPU
		{F80AF30B-CF96-4EB5-82DD-52E12AC3595B}.Debug|x86.Deploy.0 = Debug|Any CPU
		{F80AF30B-CF96-4EB5-82DD-52E12AC3595B}.Release|Any CPU.ActiveCfg = Release|Any CPU
		{F80AF30B-CF96-4EB5-82DD-52E12AC3595B}.Release|Any CPU.Build.0 = Release|Any CPU
		{F80AF30B-CF96-4EB5-82DD-52E12AC3595B}.Release|Any CPU.Deploy.0 = Release|Any CPU
		{F80AF30B-CF96-4EB5-82DD-52E12AC3595B}.Release|ARM.ActiveCfg = Release|Any CPU
		{F80AF30B-CF96-4EB5-82DD-52E12AC3595B}.Release|ARM.Build.0 = Release|Any CPU
		{F80AF30B-CF96-4EB5-82DD-52E12AC3595B}.Release|ARM.Deploy.0 = Release|Any CPU
		{F80AF30B-CF96-4EB5-82DD-52E12AC3595B}.Release|iPhone.ActiveCfg = Release|Any CPU
		{F80AF30B-CF96-4EB5-82DD-52E12AC3595B}.Release|iPhone.Build.0 = Release|Any CPU
		{F80AF30B-CF96-4EB5-82DD-52E12AC3595B}.Release|iPhone.Deploy.0 = Release|Any CPU
		{F80AF30B-CF96-4EB5-82DD-52E12AC3595B}.Release|iPhoneSimulator.ActiveCfg = Release|Any CPU
		{F80AF30B-CF96-4EB5-82DD-52E12AC3595B}.Release|iPhoneSimulator.Build.0 = Release|Any CPU
		{F80AF30B-CF96-4EB5-82DD-52E12AC3595B}.Release|iPhoneSimulator.Deploy.0 = Release|Any CPU
		{F80AF30B-CF96-4EB5-82DD-52E12AC3595B}.Release|x64.ActiveCfg = Release|Any CPU
		{F80AF30B-CF96-4EB5-82DD-52E12AC3595B}.Release|x64.Build.0 = Release|Any CPU
		{F80AF30B-CF96-4EB5-82DD-52E12AC3595B}.Release|x64.Deploy.0 = Release|Any CPU
		{F80AF30B-CF96-4EB5-82DD-52E12AC3595B}.Release|x86.ActiveCfg = Release|Any CPU
		{F80AF30B-CF96-4EB5-82DD-52E12AC3595B}.Release|x86.Build.0 = Release|Any CPU
		{F80AF30B-CF96-4EB5-82DD-52E12AC3595B}.Release|x86.Deploy.0 = Release|Any CPU
		{97A5B339-924B-4518-B459-A200146F7028}.Ad-Hoc|Any CPU.ActiveCfg = Ad-Hoc|iPhone
		{97A5B339-924B-4518-B459-A200146F7028}.Ad-Hoc|ARM.ActiveCfg = Ad-Hoc|iPhone
		{97A5B339-924B-4518-B459-A200146F7028}.Ad-Hoc|iPhone.ActiveCfg = Ad-Hoc|iPhone
		{97A5B339-924B-4518-B459-A200146F7028}.Ad-Hoc|iPhone.Build.0 = Ad-Hoc|iPhone
		{97A5B339-924B-4518-B459-A200146F7028}.Ad-Hoc|iPhoneSimulator.ActiveCfg = Ad-Hoc|iPhoneSimulator
		{97A5B339-924B-4518-B459-A200146F7028}.Ad-Hoc|iPhoneSimulator.Build.0 = Ad-Hoc|iPhoneSimulator
		{97A5B339-924B-4518-B459-A200146F7028}.Ad-Hoc|x64.ActiveCfg = Ad-Hoc|iPhone
		{97A5B339-924B-4518-B459-A200146F7028}.Ad-Hoc|x86.ActiveCfg = Ad-Hoc|iPhone
		{97A5B339-924B-4518-B459-A200146F7028}.AppStore|Any CPU.ActiveCfg = AppStore|iPhone
		{97A5B339-924B-4518-B459-A200146F7028}.AppStore|ARM.ActiveCfg = AppStore|iPhone
		{97A5B339-924B-4518-B459-A200146F7028}.AppStore|iPhone.ActiveCfg = AppStore|iPhone
		{97A5B339-924B-4518-B459-A200146F7028}.AppStore|iPhone.Build.0 = AppStore|iPhone
		{97A5B339-924B-4518-B459-A200146F7028}.AppStore|iPhoneSimulator.ActiveCfg = AppStore|iPhoneSimulator
		{97A5B339-924B-4518-B459-A200146F7028}.AppStore|iPhoneSimulator.Build.0 = AppStore|iPhoneSimulator
		{97A5B339-924B-4518-B459-A200146F7028}.AppStore|x64.ActiveCfg = AppStore|iPhone
		{97A5B339-924B-4518-B459-A200146F7028}.AppStore|x86.ActiveCfg = AppStore|iPhone
		{97A5B339-924B-4518-B459-A200146F7028}.Debug|Any CPU.ActiveCfg = Debug|iPhone
		{97A5B339-924B-4518-B459-A200146F7028}.Debug|ARM.ActiveCfg = Debug|iPhone
		{97A5B339-924B-4518-B459-A200146F7028}.Debug|iPhone.ActiveCfg = Debug|iPhone
		{97A5B339-924B-4518-B459-A200146F7028}.Debug|iPhone.Build.0 = Debug|iPhone
		{97A5B339-924B-4518-B459-A200146F7028}.Debug|iPhoneSimulator.ActiveCfg = Debug|iPhoneSimulator
		{97A5B339-924B-4518-B459-A200146F7028}.Debug|iPhoneSimulator.Build.0 = Debug|iPhoneSimulator
		{97A5B339-924B-4518-B459-A200146F7028}.Debug|x64.ActiveCfg = Debug|iPhone
		{97A5B339-924B-4518-B459-A200146F7028}.Debug|x64.Build.0 = Debug|iPhone
		{97A5B339-924B-4518-B459-A200146F7028}.Debug|x86.ActiveCfg = Debug|iPhone
		{97A5B339-924B-4518-B459-A200146F7028}.Release|Any CPU.ActiveCfg = Release|iPhone
		{97A5B339-924B-4518-B459-A200146F7028}.Release|ARM.ActiveCfg = Release|iPhone
		{97A5B339-924B-4518-B459-A200146F7028}.Release|iPhone.ActiveCfg = Release|iPhone
		{97A5B339-924B-4518-B459-A200146F7028}.Release|iPhone.Build.0 = Release|iPhone
		{97A5B339-924B-4518-B459-A200146F7028}.Release|iPhoneSimulator.ActiveCfg = Release|iPhoneSimulator
		{97A5B339-924B-4518-B459-A200146F7028}.Release|iPhoneSimulator.Build.0 = Release|iPhoneSimulator
		{97A5B339-924B-4518-B459-A200146F7028}.Release|x64.ActiveCfg = Release|iPhone
		{97A5B339-924B-4518-B459-A200146F7028}.Release|x86.ActiveCfg = Release|iPhone
		{DD123D3B-B728-4B7D-8AF6-90D6C00FA5E7}.Ad-Hoc|Any CPU.ActiveCfg = Release|Any CPU
		{DD123D3B-B728-4B7D-8AF6-90D6C00FA5E7}.Ad-Hoc|Any CPU.Build.0 = Release|Any CPU
		{DD123D3B-B728-4B7D-8AF6-90D6C00FA5E7}.Ad-Hoc|Any CPU.Deploy.0 = Release|Any CPU
		{DD123D3B-B728-4B7D-8AF6-90D6C00FA5E7}.Ad-Hoc|ARM.ActiveCfg = Release|ARM
		{DD123D3B-B728-4B7D-8AF6-90D6C00FA5E7}.Ad-Hoc|ARM.Build.0 = Release|ARM
		{DD123D3B-B728-4B7D-8AF6-90D6C00FA5E7}.Ad-Hoc|ARM.Deploy.0 = Release|ARM
		{DD123D3B-B728-4B7D-8AF6-90D6C00FA5E7}.Ad-Hoc|iPhone.ActiveCfg = Release|Any CPU
		{DD123D3B-B728-4B7D-8AF6-90D6C00FA5E7}.Ad-Hoc|iPhone.Build.0 = Release|Any CPU
		{DD123D3B-B728-4B7D-8AF6-90D6C00FA5E7}.Ad-Hoc|iPhone.Deploy.0 = Release|Any CPU
		{DD123D3B-B728-4B7D-8AF6-90D6C00FA5E7}.Ad-Hoc|iPhoneSimulator.ActiveCfg = Release|Any CPU
		{DD123D3B-B728-4B7D-8AF6-90D6C00FA5E7}.Ad-Hoc|iPhoneSimulator.Build.0 = Release|Any CPU
		{DD123D3B-B728-4B7D-8AF6-90D6C00FA5E7}.Ad-Hoc|iPhoneSimulator.Deploy.0 = Release|Any CPU
		{DD123D3B-B728-4B7D-8AF6-90D6C00FA5E7}.Ad-Hoc|x64.ActiveCfg = Release|Any CPU
		{DD123D3B-B728-4B7D-8AF6-90D6C00FA5E7}.Ad-Hoc|x64.Build.0 = Release|Any CPU
		{DD123D3B-B728-4B7D-8AF6-90D6C00FA5E7}.Ad-Hoc|x64.Deploy.0 = Release|Any CPU
		{DD123D3B-B728-4B7D-8AF6-90D6C00FA5E7}.Ad-Hoc|x86.ActiveCfg = Release|x86
		{DD123D3B-B728-4B7D-8AF6-90D6C00FA5E7}.Ad-Hoc|x86.Build.0 = Release|x86
		{DD123D3B-B728-4B7D-8AF6-90D6C00FA5E7}.Ad-Hoc|x86.Deploy.0 = Release|x86
		{DD123D3B-B728-4B7D-8AF6-90D6C00FA5E7}.AppStore|Any CPU.ActiveCfg = Release|Any CPU
		{DD123D3B-B728-4B7D-8AF6-90D6C00FA5E7}.AppStore|Any CPU.Build.0 = Release|Any CPU
		{DD123D3B-B728-4B7D-8AF6-90D6C00FA5E7}.AppStore|Any CPU.Deploy.0 = Release|Any CPU
		{DD123D3B-B728-4B7D-8AF6-90D6C00FA5E7}.AppStore|ARM.ActiveCfg = Release|ARM
		{DD123D3B-B728-4B7D-8AF6-90D6C00FA5E7}.AppStore|ARM.Build.0 = Release|ARM
		{DD123D3B-B728-4B7D-8AF6-90D6C00FA5E7}.AppStore|ARM.Deploy.0 = Release|ARM
		{DD123D3B-B728-4B7D-8AF6-90D6C00FA5E7}.AppStore|iPhone.ActiveCfg = Release|Any CPU
		{DD123D3B-B728-4B7D-8AF6-90D6C00FA5E7}.AppStore|iPhone.Build.0 = Release|Any CPU
		{DD123D3B-B728-4B7D-8AF6-90D6C00FA5E7}.AppStore|iPhone.Deploy.0 = Release|Any CPU
		{DD123D3B-B728-4B7D-8AF6-90D6C00FA5E7}.AppStore|iPhoneSimulator.ActiveCfg = Release|Any CPU
		{DD123D3B-B728-4B7D-8AF6-90D6C00FA5E7}.AppStore|iPhoneSimulator.Build.0 = Release|Any CPU
		{DD123D3B-B728-4B7D-8AF6-90D6C00FA5E7}.AppStore|iPhoneSimulator.Deploy.0 = Release|Any CPU
		{DD123D3B-B728-4B7D-8AF6-90D6C00FA5E7}.AppStore|x64.ActiveCfg = Release|Any CPU
		{DD123D3B-B728-4B7D-8AF6-90D6C00FA5E7}.AppStore|x64.Build.0 = Release|Any CPU
		{DD123D3B-B728-4B7D-8AF6-90D6C00FA5E7}.AppStore|x64.Deploy.0 = Release|Any CPU
		{DD123D3B-B728-4B7D-8AF6-90D6C00FA5E7}.AppStore|x86.ActiveCfg = Release|x86
		{DD123D3B-B728-4B7D-8AF6-90D6C00FA5E7}.AppStore|x86.Build.0 = Release|x86
		{DD123D3B-B728-4B7D-8AF6-90D6C00FA5E7}.AppStore|x86.Deploy.0 = Release|x86
		{DD123D3B-B728-4B7D-8AF6-90D6C00FA5E7}.Debug|Any CPU.ActiveCfg = Debug|Any CPU
		{DD123D3B-B728-4B7D-8AF6-90D6C00FA5E7}.Debug|Any CPU.Build.0 = Debug|Any CPU
		{DD123D3B-B728-4B7D-8AF6-90D6C00FA5E7}.Debug|Any CPU.Deploy.0 = Debug|Any CPU
		{DD123D3B-B728-4B7D-8AF6-90D6C00FA5E7}.Debug|ARM.ActiveCfg = Debug|ARM
		{DD123D3B-B728-4B7D-8AF6-90D6C00FA5E7}.Debug|ARM.Build.0 = Debug|ARM
		{DD123D3B-B728-4B7D-8AF6-90D6C00FA5E7}.Debug|ARM.Deploy.0 = Debug|ARM
		{DD123D3B-B728-4B7D-8AF6-90D6C00FA5E7}.Debug|iPhone.ActiveCfg = Debug|Any CPU
		{DD123D3B-B728-4B7D-8AF6-90D6C00FA5E7}.Debug|iPhone.Build.0 = Debug|Any CPU
		{DD123D3B-B728-4B7D-8AF6-90D6C00FA5E7}.Debug|iPhone.Deploy.0 = Debug|Any CPU
		{DD123D3B-B728-4B7D-8AF6-90D6C00FA5E7}.Debug|iPhoneSimulator.ActiveCfg = Debug|Any CPU
		{DD123D3B-B728-4B7D-8AF6-90D6C00FA5E7}.Debug|iPhoneSimulator.Build.0 = Debug|Any CPU
		{DD123D3B-B728-4B7D-8AF6-90D6C00FA5E7}.Debug|iPhoneSimulator.Deploy.0 = Debug|Any CPU
		{DD123D3B-B728-4B7D-8AF6-90D6C00FA5E7}.Debug|x64.ActiveCfg = Debug|Any CPU
		{DD123D3B-B728-4B7D-8AF6-90D6C00FA5E7}.Debug|x64.Build.0 = Debug|Any CPU
		{DD123D3B-B728-4B7D-8AF6-90D6C00FA5E7}.Debug|x64.Deploy.0 = Debug|Any CPU
		{DD123D3B-B728-4B7D-8AF6-90D6C00FA5E7}.Debug|x86.ActiveCfg = Debug|x86
		{DD123D3B-B728-4B7D-8AF6-90D6C00FA5E7}.Debug|x86.Build.0 = Debug|x86
		{DD123D3B-B728-4B7D-8AF6-90D6C00FA5E7}.Debug|x86.Deploy.0 = Debug|x86
		{DD123D3B-B728-4B7D-8AF6-90D6C00FA5E7}.Release|Any CPU.ActiveCfg = Release|Any CPU
		{DD123D3B-B728-4B7D-8AF6-90D6C00FA5E7}.Release|Any CPU.Build.0 = Release|Any CPU
		{DD123D3B-B728-4B7D-8AF6-90D6C00FA5E7}.Release|Any CPU.Deploy.0 = Release|Any CPU
		{DD123D3B-B728-4B7D-8AF6-90D6C00FA5E7}.Release|ARM.ActiveCfg = Release|ARM
		{DD123D3B-B728-4B7D-8AF6-90D6C00FA5E7}.Release|ARM.Build.0 = Release|ARM
		{DD123D3B-B728-4B7D-8AF6-90D6C00FA5E7}.Release|ARM.Deploy.0 = Release|ARM
		{DD123D3B-B728-4B7D-8AF6-90D6C00FA5E7}.Release|iPhone.ActiveCfg = Release|Any CPU
		{DD123D3B-B728-4B7D-8AF6-90D6C00FA5E7}.Release|iPhone.Build.0 = Release|Any CPU
		{DD123D3B-B728-4B7D-8AF6-90D6C00FA5E7}.Release|iPhone.Deploy.0 = Release|Any CPU
		{DD123D3B-B728-4B7D-8AF6-90D6C00FA5E7}.Release|iPhoneSimulator.ActiveCfg = Release|Any CPU
		{DD123D3B-B728-4B7D-8AF6-90D6C00FA5E7}.Release|iPhoneSimulator.Build.0 = Release|Any CPU
		{DD123D3B-B728-4B7D-8AF6-90D6C00FA5E7}.Release|iPhoneSimulator.Deploy.0 = Release|Any CPU
		{DD123D3B-B728-4B7D-8AF6-90D6C00FA5E7}.Release|x64.ActiveCfg = Release|Any CPU
		{DD123D3B-B728-4B7D-8AF6-90D6C00FA5E7}.Release|x64.Build.0 = Release|Any CPU
		{DD123D3B-B728-4B7D-8AF6-90D6C00FA5E7}.Release|x64.Deploy.0 = Release|Any CPU
		{DD123D3B-B728-4B7D-8AF6-90D6C00FA5E7}.Release|x86.ActiveCfg = Release|x86
		{DD123D3B-B728-4B7D-8AF6-90D6C00FA5E7}.Release|x86.Build.0 = Release|x86
		{DD123D3B-B728-4B7D-8AF6-90D6C00FA5E7}.Release|x86.Deploy.0 = Release|x86
		{7AC8F07B-54A1-4C60-ABC0-AC7897CDC5A8}.Ad-Hoc|Any CPU.ActiveCfg = Release|x86
		{7AC8F07B-54A1-4C60-ABC0-AC7897CDC5A8}.Ad-Hoc|Any CPU.Build.0 = Release|x86
		{7AC8F07B-54A1-4C60-ABC0-AC7897CDC5A8}.Ad-Hoc|Any CPU.Deploy.0 = Release|x86
		{7AC8F07B-54A1-4C60-ABC0-AC7897CDC5A8}.Ad-Hoc|ARM.ActiveCfg = Release|ARM
		{7AC8F07B-54A1-4C60-ABC0-AC7897CDC5A8}.Ad-Hoc|ARM.Build.0 = Release|ARM
		{7AC8F07B-54A1-4C60-ABC0-AC7897CDC5A8}.Ad-Hoc|ARM.Deploy.0 = Release|ARM
		{7AC8F07B-54A1-4C60-ABC0-AC7897CDC5A8}.Ad-Hoc|iPhone.ActiveCfg = Release|x86
		{7AC8F07B-54A1-4C60-ABC0-AC7897CDC5A8}.Ad-Hoc|iPhone.Build.0 = Release|x86
		{7AC8F07B-54A1-4C60-ABC0-AC7897CDC5A8}.Ad-Hoc|iPhone.Deploy.0 = Release|x86
		{7AC8F07B-54A1-4C60-ABC0-AC7897CDC5A8}.Ad-Hoc|iPhoneSimulator.ActiveCfg = Release|x86
		{7AC8F07B-54A1-4C60-ABC0-AC7897CDC5A8}.Ad-Hoc|iPhoneSimulator.Build.0 = Release|x86
		{7AC8F07B-54A1-4C60-ABC0-AC7897CDC5A8}.Ad-Hoc|iPhoneSimulator.Deploy.0 = Release|x86
		{7AC8F07B-54A1-4C60-ABC0-AC7897CDC5A8}.Ad-Hoc|x64.ActiveCfg = Release|x64
		{7AC8F07B-54A1-4C60-ABC0-AC7897CDC5A8}.Ad-Hoc|x64.Build.0 = Release|x64
		{7AC8F07B-54A1-4C60-ABC0-AC7897CDC5A8}.Ad-Hoc|x64.Deploy.0 = Release|x64
		{7AC8F07B-54A1-4C60-ABC0-AC7897CDC5A8}.Ad-Hoc|x86.ActiveCfg = Release|x86
		{7AC8F07B-54A1-4C60-ABC0-AC7897CDC5A8}.Ad-Hoc|x86.Build.0 = Release|x86
		{7AC8F07B-54A1-4C60-ABC0-AC7897CDC5A8}.Ad-Hoc|x86.Deploy.0 = Release|x86
		{7AC8F07B-54A1-4C60-ABC0-AC7897CDC5A8}.AppStore|Any CPU.ActiveCfg = Release|x86
		{7AC8F07B-54A1-4C60-ABC0-AC7897CDC5A8}.AppStore|Any CPU.Build.0 = Release|x86
		{7AC8F07B-54A1-4C60-ABC0-AC7897CDC5A8}.AppStore|Any CPU.Deploy.0 = Release|x86
		{7AC8F07B-54A1-4C60-ABC0-AC7897CDC5A8}.AppStore|ARM.ActiveCfg = Release|ARM
		{7AC8F07B-54A1-4C60-ABC0-AC7897CDC5A8}.AppStore|ARM.Build.0 = Release|ARM
		{7AC8F07B-54A1-4C60-ABC0-AC7897CDC5A8}.AppStore|ARM.Deploy.0 = Release|ARM
		{7AC8F07B-54A1-4C60-ABC0-AC7897CDC5A8}.AppStore|iPhone.ActiveCfg = Release|x86
		{7AC8F07B-54A1-4C60-ABC0-AC7897CDC5A8}.AppStore|iPhone.Build.0 = Release|x86
		{7AC8F07B-54A1-4C60-ABC0-AC7897CDC5A8}.AppStore|iPhone.Deploy.0 = Release|x86
		{7AC8F07B-54A1-4C60-ABC0-AC7897CDC5A8}.AppStore|iPhoneSimulator.ActiveCfg = Release|x86
		{7AC8F07B-54A1-4C60-ABC0-AC7897CDC5A8}.AppStore|iPhoneSimulator.Build.0 = Release|x86
		{7AC8F07B-54A1-4C60-ABC0-AC7897CDC5A8}.AppStore|iPhoneSimulator.Deploy.0 = Release|x86
		{7AC8F07B-54A1-4C60-ABC0-AC7897CDC5A8}.AppStore|x64.ActiveCfg = Release|x64
		{7AC8F07B-54A1-4C60-ABC0-AC7897CDC5A8}.AppStore|x64.Build.0 = Release|x64
		{7AC8F07B-54A1-4C60-ABC0-AC7897CDC5A8}.AppStore|x64.Deploy.0 = Release|x64
		{7AC8F07B-54A1-4C60-ABC0-AC7897CDC5A8}.AppStore|x86.ActiveCfg = Release|x86
		{7AC8F07B-54A1-4C60-ABC0-AC7897CDC5A8}.AppStore|x86.Build.0 = Release|x86
		{7AC8F07B-54A1-4C60-ABC0-AC7897CDC5A8}.AppStore|x86.Deploy.0 = Release|x86
		{7AC8F07B-54A1-4C60-ABC0-AC7897CDC5A8}.Debug|Any CPU.ActiveCfg = Debug|x86
		{7AC8F07B-54A1-4C60-ABC0-AC7897CDC5A8}.Debug|Any CPU.Build.0 = Debug|x86
		{7AC8F07B-54A1-4C60-ABC0-AC7897CDC5A8}.Debug|Any CPU.Deploy.0 = Debug|x86
		{7AC8F07B-54A1-4C60-ABC0-AC7897CDC5A8}.Debug|ARM.ActiveCfg = Debug|ARM
		{7AC8F07B-54A1-4C60-ABC0-AC7897CDC5A8}.Debug|ARM.Build.0 = Debug|ARM
		{7AC8F07B-54A1-4C60-ABC0-AC7897CDC5A8}.Debug|ARM.Deploy.0 = Debug|ARM
		{7AC8F07B-54A1-4C60-ABC0-AC7897CDC5A8}.Debug|iPhone.ActiveCfg = Debug|x86
		{7AC8F07B-54A1-4C60-ABC0-AC7897CDC5A8}.Debug|iPhoneSimulator.ActiveCfg = Debug|x86
		{7AC8F07B-54A1-4C60-ABC0-AC7897CDC5A8}.Debug|x64.ActiveCfg = Debug|x64
		{7AC8F07B-54A1-4C60-ABC0-AC7897CDC5A8}.Debug|x64.Build.0 = Debug|x64
		{7AC8F07B-54A1-4C60-ABC0-AC7897CDC5A8}.Debug|x64.Deploy.0 = Debug|x64
		{7AC8F07B-54A1-4C60-ABC0-AC7897CDC5A8}.Debug|x86.ActiveCfg = Debug|x86
		{7AC8F07B-54A1-4C60-ABC0-AC7897CDC5A8}.Debug|x86.Build.0 = Debug|x86
		{7AC8F07B-54A1-4C60-ABC0-AC7897CDC5A8}.Debug|x86.Deploy.0 = Debug|x86
		{7AC8F07B-54A1-4C60-ABC0-AC7897CDC5A8}.Release|Any CPU.ActiveCfg = Release|x86
		{7AC8F07B-54A1-4C60-ABC0-AC7897CDC5A8}.Release|ARM.ActiveCfg = Release|ARM
		{7AC8F07B-54A1-4C60-ABC0-AC7897CDC5A8}.Release|ARM.Build.0 = Release|ARM
		{7AC8F07B-54A1-4C60-ABC0-AC7897CDC5A8}.Release|ARM.Deploy.0 = Release|ARM
		{7AC8F07B-54A1-4C60-ABC0-AC7897CDC5A8}.Release|iPhone.ActiveCfg = Release|x86
		{7AC8F07B-54A1-4C60-ABC0-AC7897CDC5A8}.Release|iPhoneSimulator.ActiveCfg = Release|x86
		{7AC8F07B-54A1-4C60-ABC0-AC7897CDC5A8}.Release|x64.ActiveCfg = Release|x64
		{7AC8F07B-54A1-4C60-ABC0-AC7897CDC5A8}.Release|x64.Build.0 = Release|x64
		{7AC8F07B-54A1-4C60-ABC0-AC7897CDC5A8}.Release|x64.Deploy.0 = Release|x64
		{7AC8F07B-54A1-4C60-ABC0-AC7897CDC5A8}.Release|x86.ActiveCfg = Release|x86
		{7AC8F07B-54A1-4C60-ABC0-AC7897CDC5A8}.Release|x86.Build.0 = Release|x86
		{7AC8F07B-54A1-4C60-ABC0-AC7897CDC5A8}.Release|x86.Deploy.0 = Release|x86
		{E9860B02-7AB2-464F-B69F-7559166E0396}.Ad-Hoc|Any CPU.ActiveCfg = Release|Any CPU
		{E9860B02-7AB2-464F-B69F-7559166E0396}.Ad-Hoc|Any CPU.Build.0 = Release|Any CPU
		{E9860B02-7AB2-464F-B69F-7559166E0396}.Ad-Hoc|Any CPU.Deploy.0 = Release|Any CPU
		{E9860B02-7AB2-464F-B69F-7559166E0396}.Ad-Hoc|ARM.ActiveCfg = Release|ARM
		{E9860B02-7AB2-464F-B69F-7559166E0396}.Ad-Hoc|ARM.Build.0 = Release|ARM
		{E9860B02-7AB2-464F-B69F-7559166E0396}.Ad-Hoc|ARM.Deploy.0 = Release|ARM
		{E9860B02-7AB2-464F-B69F-7559166E0396}.Ad-Hoc|iPhone.ActiveCfg = Release|Any CPU
		{E9860B02-7AB2-464F-B69F-7559166E0396}.Ad-Hoc|iPhone.Build.0 = Release|Any CPU
		{E9860B02-7AB2-464F-B69F-7559166E0396}.Ad-Hoc|iPhone.Deploy.0 = Release|Any CPU
		{E9860B02-7AB2-464F-B69F-7559166E0396}.Ad-Hoc|iPhoneSimulator.ActiveCfg = Release|Any CPU
		{E9860B02-7AB2-464F-B69F-7559166E0396}.Ad-Hoc|iPhoneSimulator.Build.0 = Release|Any CPU
		{E9860B02-7AB2-464F-B69F-7559166E0396}.Ad-Hoc|iPhoneSimulator.Deploy.0 = Release|Any CPU
		{E9860B02-7AB2-464F-B69F-7559166E0396}.Ad-Hoc|x64.ActiveCfg = Release|x64
		{E9860B02-7AB2-464F-B69F-7559166E0396}.Ad-Hoc|x64.Build.0 = Release|x64
		{E9860B02-7AB2-464F-B69F-7559166E0396}.Ad-Hoc|x64.Deploy.0 = Release|x64
		{E9860B02-7AB2-464F-B69F-7559166E0396}.Ad-Hoc|x86.ActiveCfg = Release|x86
		{E9860B02-7AB2-464F-B69F-7559166E0396}.Ad-Hoc|x86.Build.0 = Release|x86
		{E9860B02-7AB2-464F-B69F-7559166E0396}.Ad-Hoc|x86.Deploy.0 = Release|x86
		{E9860B02-7AB2-464F-B69F-7559166E0396}.AppStore|Any CPU.ActiveCfg = Release|Any CPU
		{E9860B02-7AB2-464F-B69F-7559166E0396}.AppStore|Any CPU.Build.0 = Release|Any CPU
		{E9860B02-7AB2-464F-B69F-7559166E0396}.AppStore|Any CPU.Deploy.0 = Release|Any CPU
		{E9860B02-7AB2-464F-B69F-7559166E0396}.AppStore|ARM.ActiveCfg = Release|ARM
		{E9860B02-7AB2-464F-B69F-7559166E0396}.AppStore|ARM.Build.0 = Release|ARM
		{E9860B02-7AB2-464F-B69F-7559166E0396}.AppStore|ARM.Deploy.0 = Release|ARM
		{E9860B02-7AB2-464F-B69F-7559166E0396}.AppStore|iPhone.ActiveCfg = Release|Any CPU
		{E9860B02-7AB2-464F-B69F-7559166E0396}.AppStore|iPhone.Build.0 = Release|Any CPU
		{E9860B02-7AB2-464F-B69F-7559166E0396}.AppStore|iPhone.Deploy.0 = Release|Any CPU
		{E9860B02-7AB2-464F-B69F-7559166E0396}.AppStore|iPhoneSimulator.ActiveCfg = Release|Any CPU
		{E9860B02-7AB2-464F-B69F-7559166E0396}.AppStore|iPhoneSimulator.Build.0 = Release|Any CPU
		{E9860B02-7AB2-464F-B69F-7559166E0396}.AppStore|iPhoneSimulator.Deploy.0 = Release|Any CPU
		{E9860B02-7AB2-464F-B69F-7559166E0396}.AppStore|x64.ActiveCfg = Release|x64
		{E9860B02-7AB2-464F-B69F-7559166E0396}.AppStore|x64.Build.0 = Release|x64
		{E9860B02-7AB2-464F-B69F-7559166E0396}.AppStore|x64.Deploy.0 = Release|x64
		{E9860B02-7AB2-464F-B69F-7559166E0396}.AppStore|x86.ActiveCfg = Release|x86
		{E9860B02-7AB2-464F-B69F-7559166E0396}.AppStore|x86.Build.0 = Release|x86
		{E9860B02-7AB2-464F-B69F-7559166E0396}.AppStore|x86.Deploy.0 = Release|x86
		{E9860B02-7AB2-464F-B69F-7559166E0396}.Debug|Any CPU.ActiveCfg = Debug|Any CPU
		{E9860B02-7AB2-464F-B69F-7559166E0396}.Debug|Any CPU.Build.0 = Debug|Any CPU
		{E9860B02-7AB2-464F-B69F-7559166E0396}.Debug|Any CPU.Deploy.0 = Debug|Any CPU
		{E9860B02-7AB2-464F-B69F-7559166E0396}.Debug|ARM.ActiveCfg = Debug|ARM
		{E9860B02-7AB2-464F-B69F-7559166E0396}.Debug|ARM.Build.0 = Debug|ARM
		{E9860B02-7AB2-464F-B69F-7559166E0396}.Debug|ARM.Deploy.0 = Debug|ARM
		{E9860B02-7AB2-464F-B69F-7559166E0396}.Debug|iPhone.ActiveCfg = Debug|Any CPU
		{E9860B02-7AB2-464F-B69F-7559166E0396}.Debug|iPhone.Build.0 = Debug|Any CPU
		{E9860B02-7AB2-464F-B69F-7559166E0396}.Debug|iPhone.Deploy.0 = Debug|Any CPU
		{E9860B02-7AB2-464F-B69F-7559166E0396}.Debug|iPhoneSimulator.ActiveCfg = Debug|Any CPU
		{E9860B02-7AB2-464F-B69F-7559166E0396}.Debug|iPhoneSimulator.Build.0 = Debug|Any CPU
		{E9860B02-7AB2-464F-B69F-7559166E0396}.Debug|iPhoneSimulator.Deploy.0 = Debug|Any CPU
		{E9860B02-7AB2-464F-B69F-7559166E0396}.Debug|x64.ActiveCfg = Debug|x64
		{E9860B02-7AB2-464F-B69F-7559166E0396}.Debug|x64.Build.0 = Debug|x64
		{E9860B02-7AB2-464F-B69F-7559166E0396}.Debug|x64.Deploy.0 = Debug|x64
		{E9860B02-7AB2-464F-B69F-7559166E0396}.Debug|x86.ActiveCfg = Debug|x86
		{E9860B02-7AB2-464F-B69F-7559166E0396}.Debug|x86.Build.0 = Debug|x86
		{E9860B02-7AB2-464F-B69F-7559166E0396}.Debug|x86.Deploy.0 = Debug|x86
		{E9860B02-7AB2-464F-B69F-7559166E0396}.Release|Any CPU.ActiveCfg = Release|Any CPU
		{E9860B02-7AB2-464F-B69F-7559166E0396}.Release|Any CPU.Build.0 = Release|Any CPU
		{E9860B02-7AB2-464F-B69F-7559166E0396}.Release|Any CPU.Deploy.0 = Release|Any CPU
		{E9860B02-7AB2-464F-B69F-7559166E0396}.Release|ARM.ActiveCfg = Release|ARM
		{E9860B02-7AB2-464F-B69F-7559166E0396}.Release|ARM.Build.0 = Release|ARM
		{E9860B02-7AB2-464F-B69F-7559166E0396}.Release|ARM.Deploy.0 = Release|ARM
		{E9860B02-7AB2-464F-B69F-7559166E0396}.Release|iPhone.ActiveCfg = Release|Any CPU
		{E9860B02-7AB2-464F-B69F-7559166E0396}.Release|iPhone.Build.0 = Release|Any CPU
		{E9860B02-7AB2-464F-B69F-7559166E0396}.Release|iPhone.Deploy.0 = Release|Any CPU
		{E9860B02-7AB2-464F-B69F-7559166E0396}.Release|iPhoneSimulator.ActiveCfg = Release|Any CPU
		{E9860B02-7AB2-464F-B69F-7559166E0396}.Release|iPhoneSimulator.Build.0 = Release|Any CPU
		{E9860B02-7AB2-464F-B69F-7559166E0396}.Release|iPhoneSimulator.Deploy.0 = Release|Any CPU
		{E9860B02-7AB2-464F-B69F-7559166E0396}.Release|x64.ActiveCfg = Release|x64
		{E9860B02-7AB2-464F-B69F-7559166E0396}.Release|x64.Build.0 = Release|x64
		{E9860B02-7AB2-464F-B69F-7559166E0396}.Release|x64.Deploy.0 = Release|x64
		{E9860B02-7AB2-464F-B69F-7559166E0396}.Release|x86.ActiveCfg = Release|x86
		{E9860B02-7AB2-464F-B69F-7559166E0396}.Release|x86.Build.0 = Release|x86
		{E9860B02-7AB2-464F-B69F-7559166E0396}.Release|x86.Deploy.0 = Release|x86
		{67F9D3A8-F71E-4428-913F-C37AE82CDB24}.Ad-Hoc|Any CPU.ActiveCfg = Release|Any CPU
		{67F9D3A8-F71E-4428-913F-C37AE82CDB24}.Ad-Hoc|Any CPU.Build.0 = Release|Any CPU
		{67F9D3A8-F71E-4428-913F-C37AE82CDB24}.Ad-Hoc|ARM.ActiveCfg = Release|Any CPU
		{67F9D3A8-F71E-4428-913F-C37AE82CDB24}.Ad-Hoc|ARM.Build.0 = Release|Any CPU
		{67F9D3A8-F71E-4428-913F-C37AE82CDB24}.Ad-Hoc|iPhone.ActiveCfg = Release|Any CPU
		{67F9D3A8-F71E-4428-913F-C37AE82CDB24}.Ad-Hoc|iPhone.Build.0 = Release|Any CPU
		{67F9D3A8-F71E-4428-913F-C37AE82CDB24}.Ad-Hoc|iPhoneSimulator.ActiveCfg = Release|Any CPU
		{67F9D3A8-F71E-4428-913F-C37AE82CDB24}.Ad-Hoc|iPhoneSimulator.Build.0 = Release|Any CPU
		{67F9D3A8-F71E-4428-913F-C37AE82CDB24}.Ad-Hoc|x64.ActiveCfg = Release|Any CPU
		{67F9D3A8-F71E-4428-913F-C37AE82CDB24}.Ad-Hoc|x64.Build.0 = Release|Any CPU
		{67F9D3A8-F71E-4428-913F-C37AE82CDB24}.Ad-Hoc|x86.ActiveCfg = Release|Any CPU
		{67F9D3A8-F71E-4428-913F-C37AE82CDB24}.Ad-Hoc|x86.Build.0 = Release|Any CPU
		{67F9D3A8-F71E-4428-913F-C37AE82CDB24}.AppStore|Any CPU.ActiveCfg = Release|Any CPU
		{67F9D3A8-F71E-4428-913F-C37AE82CDB24}.AppStore|Any CPU.Build.0 = Release|Any CPU
		{67F9D3A8-F71E-4428-913F-C37AE82CDB24}.AppStore|ARM.ActiveCfg = Release|Any CPU
		{67F9D3A8-F71E-4428-913F-C37AE82CDB24}.AppStore|ARM.Build.0 = Release|Any CPU
		{67F9D3A8-F71E-4428-913F-C37AE82CDB24}.AppStore|iPhone.ActiveCfg = Release|Any CPU
		{67F9D3A8-F71E-4428-913F-C37AE82CDB24}.AppStore|iPhone.Build.0 = Release|Any CPU
		{67F9D3A8-F71E-4428-913F-C37AE82CDB24}.AppStore|iPhoneSimulator.ActiveCfg = Release|Any CPU
		{67F9D3A8-F71E-4428-913F-C37AE82CDB24}.AppStore|iPhoneSimulator.Build.0 = Release|Any CPU
		{67F9D3A8-F71E-4428-913F-C37AE82CDB24}.AppStore|x64.ActiveCfg = Release|Any CPU
		{67F9D3A8-F71E-4428-913F-C37AE82CDB24}.AppStore|x64.Build.0 = Release|Any CPU
		{67F9D3A8-F71E-4428-913F-C37AE82CDB24}.AppStore|x86.ActiveCfg = Release|Any CPU
		{67F9D3A8-F71E-4428-913F-C37AE82CDB24}.AppStore|x86.Build.0 = Release|Any CPU
		{67F9D3A8-F71E-4428-913F-C37AE82CDB24}.Debug|Any CPU.ActiveCfg = Debug|Any CPU
		{67F9D3A8-F71E-4428-913F-C37AE82CDB24}.Debug|Any CPU.Build.0 = Debug|Any CPU
		{67F9D3A8-F71E-4428-913F-C37AE82CDB24}.Debug|ARM.ActiveCfg = Debug|Any CPU
		{67F9D3A8-F71E-4428-913F-C37AE82CDB24}.Debug|ARM.Build.0 = Debug|Any CPU
		{67F9D3A8-F71E-4428-913F-C37AE82CDB24}.Debug|iPhone.ActiveCfg = Debug|Any CPU
		{67F9D3A8-F71E-4428-913F-C37AE82CDB24}.Debug|iPhone.Build.0 = Debug|Any CPU
		{67F9D3A8-F71E-4428-913F-C37AE82CDB24}.Debug|iPhoneSimulator.ActiveCfg = Debug|Any CPU
		{67F9D3A8-F71E-4428-913F-C37AE82CDB24}.Debug|iPhoneSimulator.Build.0 = Debug|Any CPU
		{67F9D3A8-F71E-4428-913F-C37AE82CDB24}.Debug|x64.ActiveCfg = Debug|Any CPU
		{67F9D3A8-F71E-4428-913F-C37AE82CDB24}.Debug|x64.Build.0 = Debug|Any CPU
		{67F9D3A8-F71E-4428-913F-C37AE82CDB24}.Debug|x86.ActiveCfg = Debug|Any CPU
		{67F9D3A8-F71E-4428-913F-C37AE82CDB24}.Debug|x86.Build.0 = Debug|Any CPU
		{67F9D3A8-F71E-4428-913F-C37AE82CDB24}.Release|Any CPU.ActiveCfg = Release|Any CPU
		{67F9D3A8-F71E-4428-913F-C37AE82CDB24}.Release|Any CPU.Build.0 = Release|Any CPU
		{67F9D3A8-F71E-4428-913F-C37AE82CDB24}.Release|ARM.ActiveCfg = Release|Any CPU
		{67F9D3A8-F71E-4428-913F-C37AE82CDB24}.Release|ARM.Build.0 = Release|Any CPU
		{67F9D3A8-F71E-4428-913F-C37AE82CDB24}.Release|iPhone.ActiveCfg = Release|Any CPU
		{67F9D3A8-F71E-4428-913F-C37AE82CDB24}.Release|iPhone.Build.0 = Release|Any CPU
		{67F9D3A8-F71E-4428-913F-C37AE82CDB24}.Release|iPhoneSimulator.ActiveCfg = Release|Any CPU
		{67F9D3A8-F71E-4428-913F-C37AE82CDB24}.Release|iPhoneSimulator.Build.0 = Release|Any CPU
		{67F9D3A8-F71E-4428-913F-C37AE82CDB24}.Release|x64.ActiveCfg = Release|Any CPU
		{67F9D3A8-F71E-4428-913F-C37AE82CDB24}.Release|x64.Build.0 = Release|Any CPU
		{67F9D3A8-F71E-4428-913F-C37AE82CDB24}.Release|x86.ActiveCfg = Release|Any CPU
		{67F9D3A8-F71E-4428-913F-C37AE82CDB24}.Release|x86.Build.0 = Release|Any CPU
		{74CFAD98-7853-48CB-B5D8-C3166709C877}.Ad-Hoc|Any CPU.ActiveCfg = Release|x64
		{74CFAD98-7853-48CB-B5D8-C3166709C877}.Ad-Hoc|Any CPU.Build.0 = Release|x64
		{74CFAD98-7853-48CB-B5D8-C3166709C877}.Ad-Hoc|Any CPU.Deploy.0 = Release|x64
		{74CFAD98-7853-48CB-B5D8-C3166709C877}.Ad-Hoc|ARM.ActiveCfg = Release|ARM
		{74CFAD98-7853-48CB-B5D8-C3166709C877}.Ad-Hoc|ARM.Build.0 = Release|ARM
		{74CFAD98-7853-48CB-B5D8-C3166709C877}.Ad-Hoc|ARM.Deploy.0 = Release|ARM
		{74CFAD98-7853-48CB-B5D8-C3166709C877}.Ad-Hoc|iPhone.ActiveCfg = Release|x64
		{74CFAD98-7853-48CB-B5D8-C3166709C877}.Ad-Hoc|iPhone.Build.0 = Release|x64
		{74CFAD98-7853-48CB-B5D8-C3166709C877}.Ad-Hoc|iPhone.Deploy.0 = Release|x64
		{74CFAD98-7853-48CB-B5D8-C3166709C877}.Ad-Hoc|iPhoneSimulator.ActiveCfg = Release|x64
		{74CFAD98-7853-48CB-B5D8-C3166709C877}.Ad-Hoc|iPhoneSimulator.Build.0 = Release|x64
		{74CFAD98-7853-48CB-B5D8-C3166709C877}.Ad-Hoc|iPhoneSimulator.Deploy.0 = Release|x64
		{74CFAD98-7853-48CB-B5D8-C3166709C877}.Ad-Hoc|x64.ActiveCfg = Release|x64
		{74CFAD98-7853-48CB-B5D8-C3166709C877}.Ad-Hoc|x64.Build.0 = Release|x64
		{74CFAD98-7853-48CB-B5D8-C3166709C877}.Ad-Hoc|x64.Deploy.0 = Release|x64
		{74CFAD98-7853-48CB-B5D8-C3166709C877}.Ad-Hoc|x86.ActiveCfg = Release|x86
		{74CFAD98-7853-48CB-B5D8-C3166709C877}.Ad-Hoc|x86.Build.0 = Release|x86
		{74CFAD98-7853-48CB-B5D8-C3166709C877}.Ad-Hoc|x86.Deploy.0 = Release|x86
		{74CFAD98-7853-48CB-B5D8-C3166709C877}.AppStore|Any CPU.ActiveCfg = Release|x64
		{74CFAD98-7853-48CB-B5D8-C3166709C877}.AppStore|Any CPU.Build.0 = Release|x64
		{74CFAD98-7853-48CB-B5D8-C3166709C877}.AppStore|Any CPU.Deploy.0 = Release|x64
		{74CFAD98-7853-48CB-B5D8-C3166709C877}.AppStore|ARM.ActiveCfg = Release|ARM
		{74CFAD98-7853-48CB-B5D8-C3166709C877}.AppStore|ARM.Build.0 = Release|ARM
		{74CFAD98-7853-48CB-B5D8-C3166709C877}.AppStore|ARM.Deploy.0 = Release|ARM
		{74CFAD98-7853-48CB-B5D8-C3166709C877}.AppStore|iPhone.ActiveCfg = Release|x64
		{74CFAD98-7853-48CB-B5D8-C3166709C877}.AppStore|iPhone.Build.0 = Release|x64
		{74CFAD98-7853-48CB-B5D8-C3166709C877}.AppStore|iPhone.Deploy.0 = Release|x64
		{74CFAD98-7853-48CB-B5D8-C3166709C877}.AppStore|iPhoneSimulator.ActiveCfg = Release|x64
		{74CFAD98-7853-48CB-B5D8-C3166709C877}.AppStore|iPhoneSimulator.Build.0 = Release|x64
		{74CFAD98-7853-48CB-B5D8-C3166709C877}.AppStore|iPhoneSimulator.Deploy.0 = Release|x64
		{74CFAD98-7853-48CB-B5D8-C3166709C877}.AppStore|x64.ActiveCfg = Release|x64
		{74CFAD98-7853-48CB-B5D8-C3166709C877}.AppStore|x64.Build.0 = Release|x64
		{74CFAD98-7853-48CB-B5D8-C3166709C877}.AppStore|x64.Deploy.0 = Release|x64
		{74CFAD98-7853-48CB-B5D8-C3166709C877}.AppStore|x86.ActiveCfg = Release|x86
		{74CFAD98-7853-48CB-B5D8-C3166709C877}.AppStore|x86.Build.0 = Release|x86
		{74CFAD98-7853-48CB-B5D8-C3166709C877}.AppStore|x86.Deploy.0 = Release|x86
		{74CFAD98-7853-48CB-B5D8-C3166709C877}.Debug|Any CPU.ActiveCfg = Debug|x86
		{74CFAD98-7853-48CB-B5D8-C3166709C877}.Debug|Any CPU.Build.0 = Debug|x86
		{74CFAD98-7853-48CB-B5D8-C3166709C877}.Debug|Any CPU.Deploy.0 = Debug|x86
		{74CFAD98-7853-48CB-B5D8-C3166709C877}.Debug|ARM.ActiveCfg = Debug|ARM
		{74CFAD98-7853-48CB-B5D8-C3166709C877}.Debug|ARM.Build.0 = Debug|ARM
		{74CFAD98-7853-48CB-B5D8-C3166709C877}.Debug|ARM.Deploy.0 = Debug|ARM
		{74CFAD98-7853-48CB-B5D8-C3166709C877}.Debug|iPhone.ActiveCfg = Debug|x86
		{74CFAD98-7853-48CB-B5D8-C3166709C877}.Debug|iPhoneSimulator.ActiveCfg = Debug|x86
		{74CFAD98-7853-48CB-B5D8-C3166709C877}.Debug|x64.ActiveCfg = Debug|x64
		{74CFAD98-7853-48CB-B5D8-C3166709C877}.Debug|x64.Build.0 = Debug|x64
		{74CFAD98-7853-48CB-B5D8-C3166709C877}.Debug|x64.Deploy.0 = Debug|x64
		{74CFAD98-7853-48CB-B5D8-C3166709C877}.Debug|x86.ActiveCfg = Debug|x86
		{74CFAD98-7853-48CB-B5D8-C3166709C877}.Debug|x86.Build.0 = Debug|x86
		{74CFAD98-7853-48CB-B5D8-C3166709C877}.Debug|x86.Deploy.0 = Debug|x86
		{74CFAD98-7853-48CB-B5D8-C3166709C877}.Release|Any CPU.ActiveCfg = Release|x86
		{74CFAD98-7853-48CB-B5D8-C3166709C877}.Release|ARM.ActiveCfg = Release|ARM
		{74CFAD98-7853-48CB-B5D8-C3166709C877}.Release|ARM.Build.0 = Release|ARM
		{74CFAD98-7853-48CB-B5D8-C3166709C877}.Release|ARM.Deploy.0 = Release|ARM
		{74CFAD98-7853-48CB-B5D8-C3166709C877}.Release|iPhone.ActiveCfg = Release|x86
		{74CFAD98-7853-48CB-B5D8-C3166709C877}.Release|iPhoneSimulator.ActiveCfg = Release|x86
		{74CFAD98-7853-48CB-B5D8-C3166709C877}.Release|x64.ActiveCfg = Release|x64
		{74CFAD98-7853-48CB-B5D8-C3166709C877}.Release|x64.Build.0 = Release|x64
		{74CFAD98-7853-48CB-B5D8-C3166709C877}.Release|x64.Deploy.0 = Release|x64
		{74CFAD98-7853-48CB-B5D8-C3166709C877}.Release|x86.ActiveCfg = Release|x86
		{74CFAD98-7853-48CB-B5D8-C3166709C877}.Release|x86.Build.0 = Release|x86
		{74CFAD98-7853-48CB-B5D8-C3166709C877}.Release|x86.Deploy.0 = Release|x86
	EndGlobalSection
	GlobalSection(SolutionProperties) = preSolution
		HideSolutionNode = FALSE
	EndGlobalSection
	GlobalSection(NestedProjects) = preSolution
		{1FF04865-9F38-42F4-B056-D893DDEC8D6D} = {879304DF-9850-47D6-9978-50EBD36B7A15}
		{F80AF30B-CF96-4EB5-82DD-52E12AC3595B} = {879304DF-9850-47D6-9978-50EBD36B7A15}
		{97A5B339-924B-4518-B459-A200146F7028} = {879304DF-9850-47D6-9978-50EBD36B7A15}
		{DD123D3B-B728-4B7D-8AF6-90D6C00FA5E7} = {879304DF-9850-47D6-9978-50EBD36B7A15}
		{7AC8F07B-54A1-4C60-ABC0-AC7897CDC5A8} = {879304DF-9850-47D6-9978-50EBD36B7A15}
		{E9860B02-7AB2-464F-B69F-7559166E0396} = {879304DF-9850-47D6-9978-50EBD36B7A15}
		{67F9D3A8-F71E-4428-913F-C37AE82CDB24} = {8C35EB66-036B-47DD-91B7-B5321672E21E}
		{74CFAD98-7853-48CB-B5D8-C3166709C877} = {1999C03E-FDFD-4258-9208-9FCAF6FC5E77}
	EndGlobalSection
EndGlobal
